
Microsoft Visual Studio Solution File, Format Version 11.00
# Visual Studio 2012
Project("{8BC9CEB8-8B4A-11D0-8D11-00A0C91BC942}") = "3d", "3d.vcxproj", "{AD68B52B-4635-4DC7-A896-870249A2BDDA}"
EndProject
Project("{8BC9CEB8-8B4A-11D0-8D11-00A0C91BC942}") = "3d_multi", "3d_multi.vcxproj", "{B270A8DB-AD33-4726-AB2B-D7153218A434}"
EndProject
Project("{8BC9CEB8-8B4A-11D0-8D11-00A0C91BC942}") = "event_parameter", "event_parameter.vcxproj", "{52C8FF42-0A8A-4315-AC12-2752200D97B7}"
EndProject
Project("{8BC9CEB8-8B4A-11D0-8D11-00A0C91BC942}") = "load_banks", "load_banks.vcxproj", "{B8E3DF7F-FF65-4460-9468-D9BB10741EB3}"
EndProject
Project("{8BC9CEB8-8B4A-11D0-8D11-00A0C91BC942}") = "music_callbacks", "music_callbacks.vcxproj", "{2E26763A-7854-4576-8677-5686E91C0F1B}"
EndProject
Project("{8BC9CEB8-8B4A-11D0-8D11-00A0C91BC942}") = "objectpan", "objectpan.vcxproj", "{51407CFC-967F-4283-9035-9B6D62B51A35}"
EndProject
Project("{8BC9CEB8-8B4A-11D0-8D11-00A0C91BC942}") = "programmer_sound", "programmer_sound.vcxproj", "{EA432979-1DD0-4FAA-9270-47AED6FE7731}"
EndProject
Project("{8BC9CEB8-8B4A-11D0-8D11-00A0C91BC942}") = "recording_playback", "recording_playback.vcxproj", "{EE2EF02D-543E-40D3-BD65-51DC953C2635}"
EndProject
Project("{8BC9CEB8-8B4A-11D0-8D11-00A0C91BC942}") = "simple_event", "simple_event.vcxproj", "{321905E8-B7EB-45C5-B010-0A6F12E92E85}"
EndProject
Global
	GlobalSection(SolutionConfigurationPlatforms) = preSolution
		Debug|Win32 = Debug|Win32
		Debug|x64 = Debug|x64
		Release|Win32 = Release|Win32
		Release|x64 = Release|x64
	EndGlobalSection
	GlobalSection(ProjectConfigurationPlatforms) = postSolution
		{AD68B52B-4635-4DC7-A896-870249A2BDDA}.Debug|Win32.ActiveCfg = Debug|Win32
		{AD68B52B-4635-4DC7-A896-870249A2BDDA}.Debug|Win32.Build.0 = Debug|Win32
		{AD68B52B-4635-4DC7-A896-870249A2BDDA}.Debug|Win32.Deploy.0 = Debug|Win32
		{AD68B52B-4635-4DC7-A896-870249A2BDDA}.Debug|x64.ActiveCfg = Debug|x64
		{AD68B52B-4635-4DC7-A896-870249A2BDDA}.Debug|x64.Build.0 = Debug|x64
		{AD68B52B-4635-4DC7-A896-870249A2BDDA}.Debug|x64.Deploy.0 = Debug|x64
		{AD68B52B-4635-4DC7-A896-870249A2BDDA}.Release|Win32.ActiveCfg = Release|Win32
		{AD68B52B-4635-4DC7-A896-870249A2BDDA}.Release|Win32.Build.0 = Release|Win32
		{AD68B52B-4635-4DC7-A896-870249A2BDDA}.Release|Win32.Deploy.0 = Release|Win32
		{AD68B52B-4635-4DC7-A896-870249A2BDDA}.Release|x64.ActiveCfg = Release|x64
		{AD68B52B-4635-4DC7-A896-870249A2BDDA}.Release|x64.Build.0 = Release|x64
		{AD68B52B-4635-4DC7-A896-870249A2BDDA}.Release|x64.Deploy.0 = Release|x64
		{B270A8DB-AD33-4726-AB2B-D7153218A434}.Debug|Win32.ActiveCfg = Debug|Win32
		{B270A8DB-AD33-4726-AB2B-D7153218A434}.Debug|Win32.Build.0 = Debug|Win32
		{B270A8DB-AD33-4726-AB2B-D7153218A434}.Debug|Win32.Deploy.0 = Debug|Win32
		{B270A8DB-AD33-4726-AB2B-D7153218A434}.Debug|x64.ActiveCfg = Debug|x64
		{B270A8DB-AD33-4726-AB2B-D7153218A434}.Debug|x64.Build.0 = Debug|x64
		{B270A8DB-AD33-4726-AB2B-D7153218A434}.Debug|x64.Deploy.0 = Debug|x64
		{B270A8DB-AD33-4726-AB2B-D7153218A434}.Release|Win32.ActiveCfg = Release|Win32
		{B270A8DB-AD33-4726-AB2B-D7153218A434}.Release|Win32.Build.0 = Release|Win32
		{B270A8DB-AD33-4726-AB2B-D7153218A434}.Release|Win32.Deploy.0 = Release|Win32
		{B270A8DB-AD33-4726-AB2B-D7153218A434}.Release|x64.ActiveCfg = Release|x64
		{B270A8DB-AD33-4726-AB2B-D7153218A434}.Release|x64.Build.0 = Release|x64
		{B270A8DB-AD33-4726-AB2B-D7153218A434}.Release|x64.Deploy.0 = Release|x64
		{52C8FF42-0A8A-4315-AC12-2752200D97B7}.Debug|Win32.ActiveCfg = Debug|Win32
		{52C8FF42-0A8A-4315-AC12-2752200D97B7}.Debug|Win32.Build.0 = Debug|Win32
		{52C8FF42-0A8A-4315-AC12-2752200D97B7}.Debug|Win32.Deploy.0 = Debug|Win32
		{52C8FF42-0A8A-4315-AC12-2752200D97B7}.Debug|x64.ActiveCfg = Debug|x64
		{52C8FF42-0A8A-4315-AC12-2752200D97B7}.Debug|x64.Build.0 = Debug|x64
		{52C8FF42-0A8A-4315-AC12-2752200D97B7}.Debug|x64.Deploy.0 = Debug|x64
		{52C8FF42-0A8A-4315-AC12-2752200D97B7}.Release|Win32.ActiveCfg = Release|Win32
		{52C8FF42-0A8A-4315-AC12-2752200D97B7}.Release|Win32.Build.0 = Release|Win32
		{52C8FF42-0A8A-4315-AC12-2752200D97B7}.Release|Win32.Deploy.0 = Release|Win32
		{52C8FF42-0A8A-4315-AC12-2752200D97B7}.Release|x64.ActiveCfg = Release|x64
		{52C8FF42-0A8A-4315-AC12-2752200D97B7}.Release|x64.Build.0 = Release|x64
		{52C8FF42-0A8A-4315-AC12-2752200D97B7}.Release|x64.Deploy.0 = Release|x64
		{B8E3DF7F-FF65-4460-9468-D9BB10741EB3}.Debug|Win32.ActiveCfg = Debug|Win32
		{B8E3DF7F-FF65-4460-9468-D9BB10741EB3}.Debug|Win32.Build.0 = Debug|Win32
		{B8E3DF7F-FF65-4460-9468-D9BB10741EB3}.Debug|Win32.Deploy.0 = Debug|Win32
		{B8E3DF7F-FF65-4460-9468-D9BB10741EB3}.Debug|x64.ActiveCfg = Debug|x64
		{B8E3DF7F-FF65-4460-9468-D9BB10741EB3}.Debug|x64.Build.0 = Debug|x64
		{B8E3DF7F-FF65-4460-9468-D9BB10741EB3}.Debug|x64.Deploy.0 = Debug|x64
		{B8E3DF7F-FF65-4460-9468-D9BB10741EB3}.Release|Win32.ActiveCfg = Release|Win32
		{B8E3DF7F-FF65-4460-9468-D9BB10741EB3}.Release|Win32.Build.0 = Release|Win32
		{B8E3DF7F-FF65-4460-9468-D9BB10741EB3}.Release|Win32.Deploy.0 = Release|Win32
		{B8E3DF7F-FF65-4460-9468-D9BB10741EB3}.Release|x64.ActiveCfg = Release|x64
		{B8E3DF7F-FF65-4460-9468-D9BB10741EB3}.Release|x64.Build.0 = Release|x64
		{B8E3DF7F-FF65-4460-9468-D9BB10741EB3}.Release|x64.Deploy.0 = Release|x64
		{2E26763A-7854-4576-8677-5686E91C0F1B}.Debug|Win32.ActiveCfg = Debug|Win32
		{2E26763A-7854-4576-8677-5686E91C0F1B}.Debug|Win32.Build.0 = Debug|Win32
		{2E26763A-7854-4576-8677-5686E91C0F1B}.Debug|Win32.Deploy.0 = Debug|Win32
		{2E26763A-7854-4576-8677-5686E91C0F1B}.Debug|x64.ActiveCfg = Debug|x64
		{2E26763A-7854-4576-8677-5686E91C0F1B}.Debug|x64.Build.0 = Debug|x64
		{2E26763A-7854-4576-8677-5686E91C0F1B}.Debug|x64.Deploy.0 = Debug|x64
		{2E26763A-7854-4576-8677-5686E91C0F1B}.Release|Win32.ActiveCfg = Release|Win32
		{2E26763A-7854-4576-8677-5686E91C0F1B}.Release|Win32.Build.0 = Release|Win32
		{2E26763A-7854-4576-8677-5686E91C0F1B}.Release|Win32.Deploy.0 = Release|Win32
		{2E26763A-7854-4576-8677-5686E91C0F1B}.Release|x64.ActiveCfg = Release|x64
		{2E26763A-7854-4576-8677-5686E91C0F1B}.Release|x64.Build.0 = Release|x64
		{2E26763A-7854-4576-8677-5686E91C0F1B}.Release|x64.Deploy.0 = Release|x64
		{51407CFC-967F-4283-9035-9B6D62B51A35}.Debug|Win32.ActiveCfg = Debug|Win32
		{51407CFC-967F-4283-9035-9B6D62B51A35}.Debug|Win32.Build.0 = Debug|Win32
		{51407CFC-967F-4283-9035-9B6D62B51A35}.Debug|Win32.Deploy.0 = Debug|Win32
		{51407CFC-967F-4283-9035-9B6D62B51A35}.Debug|x64.ActiveCfg = Debug|x64
		{51407CFC-967F-4283-9035-9B6D62B51A35}.Debug|x64.Build.0 = Debug|x64
		{51407CFC-967F-4283-9035-9B6D62B51A35}.Debug|x64.Deploy.0 = Debug|x64
		{51407CFC-967F-4283-9035-9B6D62B51A35}.Release|Win32.ActiveCfg = Release|Win32
		{51407CFC-967F-4283-9035-9B6D62B51A35}.Release|Win32.Build.0 = Release|Win32
		{51407CFC-967F-4283-9035-9B6D62B51A35}.Release|Win32.Deploy.0 = Release|Win32
		{51407CFC-967F-4283-9035-9B6D62B51A35}.Release|x64.ActiveCfg = Release|x64
		{51407CFC-967F-4283-9035-9B6D62B51A35}.Release|x64.Build.0 = Release|x64
		{51407CFC-967F-4283-9035-9B6D62B51A35}.Release|x64.Deploy.0 = Release|x64
		{EA432979-1DD0-4FAA-9270-47AED6FE7731}.Debug|Win32.ActiveCfg = Debug|Win32
		{EA432979-1DD0-4FAA-9270-47AED6FE7731}.Debug|Win32.Build.0 = Debug|Win32
		{EA432979-1DD0-4FAA-9270-47AED6FE7731}.Debug|Win32.Deploy.0 = Debug|Win32
		{EA432979-1DD0-4FAA-9270-47AED6FE7731}.Debug|x64.ActiveCfg = Debug|x64
		{EA432979-1DD0-4FAA-9270-47AED6FE7731}.Debug|x64.Build.0 = Debug|x64
		{EA432979-1DD0-4FAA-9270-47AED6FE7731}.Debug|x64.Deploy.0 = Debug|x64
		{EA432979-1DD0-4FAA-9270-47AED6FE7731}.Release|Win32.ActiveCfg = Release|Win32
		{EA432979-1DD0-4FAA-9270-47AED6FE7731}.Release|Win32.Build.0 = Release|Win32
		{EA432979-1DD0-4FAA-9270-47AED6FE7731}.Release|Win32.Deploy.0 = Release|Win32
		{EA432979-1DD0-4FAA-9270-47AED6FE7731}.Release|x64.ActiveCfg = Release|x64
		{EA432979-1DD0-4FAA-9270-47AED6FE7731}.Release|x64.Build.0 = Release|x64
		{EA432979-1DD0-4FAA-9270-47AED6FE7731}.Release|x64.Deploy.0 = Release|x64
		{EE2EF02D-543E-40D3-BD65-51DC953C2635}.Debug|Win32.ActiveCfg = Debug|Win32
		{EE2EF02D-543E-40D3-BD65-51DC953C2635}.Debug|Win32.Build.0 = Debug|Win32
		{EE2EF02D-543E-40D3-BD65-51DC953C2635}.Debug|Win32.Deploy.0 = Debug|Win32
		{EE2EF02D-543E-40D3-BD65-51DC953C2635}.Debug|x64.ActiveCfg = Debug|x64
		{EE2EF02D-543E-40D3-BD65-51DC953C2635}.Debug|x64.Build.0 = Debug|x64
		{EE2EF02D-543E-40D3-BD65-51DC953C2635}.Debug|x64.Deploy.0 = Debug|x64
		{EE2EF02D-543E-40D3-BD65-51DC953C2635}.Release|Win32.ActiveCfg = Release|Win32
		{EE2EF02D-543E-40D3-BD65-51DC953C2635}.Release|Win32.Build.0 = Release|Win32
		{EE2EF02D-543E-40D3-BD65-51DC953C2635}.Release|Win32.Deploy.0 = Release|Win32
		{EE2EF02D-543E-40D3-BD65-51DC953C2635}.Release|x64.ActiveCfg = Release|x64
		{EE2EF02D-543E-40D3-BD65-51DC953C2635}.Release|x64.Build.0 = Release|x64
		{EE2EF02D-543E-40D3-BD65-51DC953C2635}.Release|x64.Deploy.0 = Release|x64
		{321905E8-B7EB-45C5-B010-0A6F12E92E85}.Debug|Win32.ActiveCfg = Debug|Win32
		{321905E8-B7EB-45C5-B010-0A6F12E92E85}.Debug|Win32.Build.0 = Debug|Win32
		{321905E8-B7EB-45C5-B010-0A6F12E92E85}.Debug|Win32.Deploy.0 = Debug|Win32
		{321905E8-B7EB-45C5-B010-0A6F12E92E85}.Debug|x64.ActiveCfg = Debug|x64
		{321905E8-B7EB-45C5-B010-0A6F12E92E85}.Debug|x64.Build.0 = Debug|x64
		{321905E8-B7EB-45C5-B010-0A6F12E92E85}.Debug|x64.Deploy.0 = Debug|x64
		{321905E8-B7EB-45C5-B010-0A6F12E92E85}.Release|Win32.ActiveCfg = Release|Win32
		{321905E8-B7EB-45C5-B010-0A6F12E92E85}.Release|Win32.Build.0 = Release|Win32
		{321905E8-B7EB-45C5-B010-0A6F12E92E85}.Release|Win32.Deploy.0 = Release|Win32
		{321905E8-B7EB-45C5-B010-0A6F12E92E85}.Release|x64.ActiveCfg = Release|x64
		{321905E8-B7EB-45C5-B010-0A6F12E92E85}.Release|x64.Build.0 = Release|x64
		{321905E8-B7EB-45C5-B010-0A6F12E92E85}.Release|x64.Deploy.0 = Release|x64
	EndGlobalSection
	GlobalSection(SolutionProperties) = preSolution
		HideSolutionNode = FALSE
	EndGlobalSection
EndGlobal
